
Microsoft Visual Studio Solution File, Format Version 12.00
# Visual Studio Version 16
VisualStudioVersion = 16.0.809.7
MinimumVisualStudioVersion = 10.0.40219.1
Project("{FAE04EC0-301F-11D3-BF4B-00C04F79EFBC}") = "ToDoListWebApp", "ToDoListWebApp\ToDoListWebApp.csproj", "{A91D6748-CA75-41A4-A599-3380AC077F6C}"
EndProject
Global
	GlobalSection(SolutionConfigurationPlatforms) = preSolution
		Debug|Any CPU = Debug|Any CPU
		Release|Any CPU = Release|Any CPU
	EndGlobalSection
	GlobalSection(ProjectConfigurationPlatforms) = postSolution
		{A91D6748-CA75-41A4-A599-3380AC077F6C}.Debug|Any CPU.ActiveCfg = Debug|Any CPU
		{A91D6748-CA75-41A4-A599-3380AC077F6C}.Debug|Any CPU.Build.0 = Debug|Any CPU
		{A91D6748-CA75-41A4-A599-3380AC077F6C}.Release|Any CPU.ActiveCfg = Release|Any CPU
		{A91D6748-CA75-41A4-A599-3380AC077F6C}.Release|Any CPU.Build.0 = Release|Any CPU
	EndGlobalSection
	GlobalSection(SolutionProperties) = preSolution
		HideSolutionNode = FALSE
	EndGlobalSection
	GlobalSection(ExtensibilityGlobals) = postSolution
		SolutionGuid = {17C2846F-E1A6-49CA-BCF6-13ED12F2623F}
	EndGlobalSection
EndGlobal
